// !$*UTF8*$!
{
	archiveVersion = 1;
	classes = {
	};
	objectVersion = 48;
	objects = {

/* Begin PBXBuildFile section */
		A239231D206A7F5200F80FE3 /* IVFullSizeImageViewerController.m in Sources */ = {isa = PBXBuildFile; fileRef = A239231C206A7F5200F80FE3 /* IVFullSizeImageViewerController.m */; };
		A27A8D392065557D004C75C5 /* AppDelegate.m in Sources */ = {isa = PBXBuildFile; fileRef = A27A8D382065557D004C75C5 /* AppDelegate.m */; };
		A27A8D3C2065557D004C75C5 /* ViewController.m in Sources */ = {isa = PBXBuildFile; fileRef = A27A8D3B2065557D004C75C5 /* ViewController.m */; };
		A27A8D3E2065557D004C75C5 /* Assets.xcassets in Resources */ = {isa = PBXBuildFile; fileRef = A27A8D3D2065557D004C75C5 /* Assets.xcassets */; };
		A27A8D412065557D004C75C5 /* Main.storyboard in Resources */ = {isa = PBXBuildFile; fileRef = A27A8D3F2065557D004C75C5 /* Main.storyboard */; };
		A27A8D442065557D004C75C5 /* main.m in Sources */ = {isa = PBXBuildFile; fileRef = A27A8D432065557D004C75C5 /* main.m */; };
		A27A8D5120655B2D004C75C5 /* IVCollectionViewItem.m in Sources */ = {isa = PBXBuildFile; fileRef = A27A8D4F20655B2D004C75C5 /* IVCollectionViewItem.m */; };
		A27A8D5220655B2D004C75C5 /* IVCollectionViewItem.xib in Resources */ = {isa = PBXBuildFile; fileRef = A27A8D5020655B2D004C75C5 /* IVCollectionViewItem.xib */; };
		A27A8D5520656D24004C75C5 /* IVImageLoader.m in Sources */ = {isa = PBXBuildFile; fileRef = A27A8D5420656D24004C75C5 /* IVImageLoader.m */; };
		A27A8D582069BBA8004C75C5 /* IVCollectionView.m in Sources */ = {isa = PBXBuildFile; fileRef = A27A8D572069BBA8004C75C5 /* IVCollectionView.m */; };
		A27A8D5B2069DB39004C75C5 /* NSPasteboard+ImageExtention.m in Sources */ = {isa = PBXBuildFile; fileRef = A27A8D5A2069DB39004C75C5 /* NSPasteboard+ImageExtention.m */; };
/* End PBXBuildFile section */

/* Begin PBXFileReference section */
		A239231B206A7F5200F80FE3 /* IVFullSizeImageViewerController.h */ = {isa = PBXFileReference; lastKnownFileType = sourcecode.c.h; path = IVFullSizeImageViewerController.h; sourceTree = "<group>"; };
		A239231C206A7F5200F80FE3 /* IVFullSizeImageViewerController.m */ = {isa = PBXFileReference; lastKnownFileType = sourcecode.c.objc; path = IVFullSizeImageViewerController.m; sourceTree = "<group>"; };
		A27A8D342065557D004C75C5 /* ImageViewer.app */ = {isa = PBXFileReference; explicitFileType = wrapper.application; includeInIndex = 0; path = ImageViewer.app; sourceTree = BUILT_PRODUCTS_DIR; };
		A27A8D372065557D004C75C5 /* AppDelegate.h */ = {isa = PBXFileReference; lastKnownFileType = sourcecode.c.h; path = AppDelegate.h; sourceTree = "<group>"; };
		A27A8D382065557D004C75C5 /* AppDelegate.m */ = {isa = PBXFileReference; lastKnownFileType = sourcecode.c.objc; path = AppDelegate.m; sourceTree = "<group>"; };
		A27A8D3A2065557D004C75C5 /* ViewController.h */ = {isa = PBXFileReference; lastKnownFileType = sourcecode.c.h; path = ViewController.h; sourceTree = "<group>"; };
		A27A8D3B2065557D004C75C5 /* ViewController.m */ = {isa = PBXFileReference; lastKnownFileType = sourcecode.c.objc; path = ViewController.m; sourceTree = "<group>"; };
		A27A8D3D2065557D004C75C5 /* Assets.xcassets */ = {isa = PBXFileReference; lastKnownFileType = folder.assetcatalog; path = Assets.xcassets; sourceTree = "<group>"; };
		A27A8D402065557D004C75C5 /* Base */ = {isa = PBXFileReference; lastKnownFileType = file.storyboard; name = Base; path = Base.lproj/Main.storyboard; sourceTree = "<group>"; };
		A27A8D422065557D004C75C5 /* Info.plist */ = {isa = PBXFileReference; lastKnownFileType = text.plist.xml; path = Info.plist; sourceTree = "<group>"; };
		A27A8D432065557D004C75C5 /* main.m */ = {isa = PBXFileReference; lastKnownFileType = sourcecode.c.objc; path = main.m; sourceTree = "<group>"; };
		A27A8D452065557D004C75C5 /* ImageViewer.entitlements */ = {isa = PBXFileReference; lastKnownFileType = text.plist.entitlements; path = ImageViewer.entitlements; sourceTree = "<group>"; };
		A27A8D4E20655B2D004C75C5 /* IVCollectionViewItem.h */ = {isa = PBXFileReference; lastKnownFileType = sourcecode.c.h; path = IVCollectionViewItem.h; sourceTree = "<group>"; };
		A27A8D4F20655B2D004C75C5 /* IVCollectionViewItem.m */ = {isa = PBXFileReference; lastKnownFileType = sourcecode.c.objc; path = IVCollectionViewItem.m; sourceTree = "<group>"; };
		A27A8D5020655B2D004C75C5 /* IVCollectionViewItem.xib */ = {isa = PBXFileReference; lastKnownFileType = file.xib; path = IVCollectionViewItem.xib; sourceTree = "<group>"; };
		A27A8D5320656D24004C75C5 /* IVImageLoader.h */ = {isa = PBXFileReference; lastKnownFileType = sourcecode.c.h; path = IVImageLoader.h; sourceTree = "<group>"; };
		A27A8D5420656D24004C75C5 /* IVImageLoader.m */ = {isa = PBXFileReference; lastKnownFileType = sourcecode.c.objc; path = IVImageLoader.m; sourceTree = "<group>"; };
		A27A8D562069BBA8004C75C5 /* IVCollectionView.h */ = {isa = PBXFileReference; lastKnownFileType = sourcecode.c.h; path = IVCollectionView.h; sourceTree = "<group>"; };
		A27A8D572069BBA8004C75C5 /* IVCollectionView.m */ = {isa = PBXFileReference; lastKnownFileType = sourcecode.c.objc; path = IVCollectionView.m; sourceTree = "<group>"; };
		A27A8D592069DB39004C75C5 /* NSPasteboard+ImageExtention.h */ = {isa = PBXFileReference; lastKnownFileType = sourcecode.c.h; path = "NSPasteboard+ImageExtention.h"; sourceTree = "<group>"; };
		A27A8D5A2069DB39004C75C5 /* NSPasteboard+ImageExtention.m */ = {isa = PBXFileReference; lastKnownFileType = sourcecode.c.objc; path = "NSPasteboard+ImageExtention.m"; sourceTree = "<group>"; };
/* End PBXFileReference section */

/* Begin PBXFrameworksBuildPhase section */
		A27A8D312065557D004C75C5 /* Frameworks */ = {
			isa = PBXFrameworksBuildPhase;
			buildActionMask = 2147483647;
			files = (
			);
			runOnlyForDeploymentPostprocessing = 0;
		};
/* End PBXFrameworksBuildPhase section */

/* Begin PBXGroup section */
		A27A8D2B2065557D004C75C5 = {
			isa = PBXGroup;
			children = (
				A27A8D362065557D004C75C5 /* ImageViewer */,
				A27A8D352065557D004C75C5 /* Products */,
			);
			sourceTree = "<group>";
		};
		A27A8D352065557D004C75C5 /* Products */ = {
			isa = PBXGroup;
			children = (
				A27A8D342065557D004C75C5 /* ImageViewer.app */,
			);
			name = Products;
			sourceTree = "<group>";
		};
		A27A8D362065557D004C75C5 /* ImageViewer */ = {
			isa = PBXGroup;
			children = (
				A27A8D372065557D004C75C5 /* AppDelegate.h */,
				A27A8D382065557D004C75C5 /* AppDelegate.m */,
				A27A8D4D20655ACC004C75C5 /* Controller */,
				A27A8D4C20655AC6004C75C5 /* View */,
				A27A8D4B20655ABF004C75C5 /* Model */,
				A27A8D3D2065557D004C75C5 /* Assets.xcassets */,
				A27A8D3F2065557D004C75C5 /* Main.storyboard */,
				A27A8D422065557D004C75C5 /* Info.plist */,
				A27A8D432065557D004C75C5 /* main.m */,
				A27A8D452065557D004C75C5 /* ImageViewer.entitlements */,
			);
			path = ImageViewer;
			sourceTree = "<group>";
		};
		A27A8D4B20655ABF004C75C5 /* Model */ = {
			isa = PBXGroup;
			children = (
				A27A8D5320656D24004C75C5 /* IVImageLoader.h */,
				A27A8D5420656D24004C75C5 /* IVImageLoader.m */,
				A27A8D592069DB39004C75C5 /* NSPasteboard+ImageExtention.h */,
				A27A8D5A2069DB39004C75C5 /* NSPasteboard+ImageExtention.m */,
			);
			path = Model;
			sourceTree = "<group>";
		};
		A27A8D4C20655AC6004C75C5 /* View */ = {
			isa = PBXGroup;
			children = (
				A27A8D4E20655B2D004C75C5 /* IVCollectionViewItem.h */,
				A27A8D4F20655B2D004C75C5 /* IVCollectionViewItem.m */,
				A27A8D5020655B2D004C75C5 /* IVCollectionViewItem.xib */,
				A27A8D562069BBA8004C75C5 /* IVCollectionView.h */,
				A27A8D572069BBA8004C75C5 /* IVCollectionView.m */,
			);
			path = View;
			sourceTree = "<group>";
		};
		A27A8D4D20655ACC004C75C5 /* Controller */ = {
			isa = PBXGroup;
			children = (
				A27A8D3A2065557D004C75C5 /* ViewController.h */,
				A27A8D3B2065557D004C75C5 /* ViewController.m */,
				A239231B206A7F5200F80FE3 /* IVFullSizeImageViewerController.h */,
				A239231C206A7F5200F80FE3 /* IVFullSizeImageViewerController.m */,
			);
			path = Controller;
			sourceTree = "<group>";
		};
/* End PBXGroup section */

/* Begin PBXNativeTarget section */
		A27A8D332065557D004C75C5 /* ImageViewer */ = {
			isa = PBXNativeTarget;
			buildConfigurationList = A27A8D482065557D004C75C5 /* Build configuration list for PBXNativeTarget "ImageViewer" */;
			buildPhases = (
				A27A8D302065557D004C75C5 /* Sources */,
				A27A8D312065557D004C75C5 /* Frameworks */,
				A27A8D322065557D004C75C5 /* Resources */,
			);
			buildRules = (
			);
			dependencies = (
			);
			name = ImageViewer;
			productName = ImageViewer;
			productReference = A27A8D342065557D004C75C5 /* ImageViewer.app */;
			productType = "com.apple.product-type.application";
		};
/* End PBXNativeTarget section */

/* Begin PBXProject section */
		A27A8D2C2065557D004C75C5 /* Project object */ = {
			isa = PBXProject;
			attributes = {
				LastUpgradeCheck = 0920;
				ORGANIZATIONNAME = PaksHome;
				TargetAttributes = {
					A27A8D332065557D004C75C5 = {
						CreatedOnToolsVersion = 9.2;
						ProvisioningStyle = Automatic;
					};
				};
			};
			buildConfigurationList = A27A8D2F2065557D004C75C5 /* Build configuration list for PBXProject "ImageViewer" */;
			compatibilityVersion = "Xcode 8.0";
			developmentRegion = en;
			hasScannedForEncodings = 0;
			knownRegions = (
				en,
				Base,
			);
			mainGroup = A27A8D2B2065557D004C75C5;
			productRefGroup = A27A8D352065557D004C75C5 /* Products */;
			projectDirPath = "";
			projectRoot = "";
			targets = (
				A27A8D332065557D004C75C5 /* ImageViewer */,
			);
		};
/* End PBXProject section */

/* Begin PBXResourcesBuildPhase section */
		A27A8D322065557D004C75C5 /* Resources */ = {
			isa = PBXResourcesBuildPhase;
			buildActionMask = 2147483647;
			files = (
				A27A8D3E2065557D004C75C5 /* Assets.xcassets in Resources */,
				A27A8D412065557D004C75C5 /* Main.storyboard in Resources */,
				A27A8D5220655B2D004C75C5 /* IVCollectionViewItem.xib in Resources */,
			);
			runOnlyForDeploymentPostprocessing = 0;
		};
/* End PBXResourcesBuildPhase section */

/* Begin PBXSourcesBuildPhase section */
		A27A8D302065557D004C75C5 /* Sources */ = {
			isa = PBXSourcesBuildPhase;
			buildActionMask = 2147483647;
			files = (
				A27A8D3C2065557D004C75C5 /* ViewController.m in Sources */,
				A27A8D582069BBA8004C75C5 /* IVCollectionView.m in Sources */,
				A27A8D5520656D24004C75C5 /* IVImageLoader.m in Sources */,
				A27A8D5B2069DB39004C75C5 /* NSPasteboard+ImageExtention.m in Sources */,
				A27A8D5120655B2D004C75C5 /* IVCollectionViewItem.m in Sources */,
				A27A8D442065557D004C75C5 /* main.m in Sources */,
				A239231D206A7F5200F80FE3 /* IVFullSizeImageViewerController.m in Sources */,
				A27A8D392065557D004C75C5 /* AppDelegate.m in Sources */,
			);
			runOnlyForDeploymentPostprocessing = 0;
		};
/* End PBXSourcesBuildPhase section */

/* Begin PBXVariantGroup section */
		A27A8D3F2065557D004C75C5 /* Main.storyboard */ = {
			isa = PBXVariantGroup;
			children = (
				A27A8D402065557D004C75C5 /* Base */,
			);
			name = Main.storyboard;
			sourceTree = "<group>";
		};
/* End PBXVariantGroup section */

/* Begin XCBuildConfiguration section */
		A27A8D462065557D004C75C5 /* Debug */ = {
			isa = XCBuildConfiguration;
			buildSettings = {
				ALWAYS_SEARCH_USER_PATHS = NO;
				CLANG_ANALYZER_NONNULL = YES;
				CLANG_ANALYZER_NUMBER_OBJECT_CONVERSION = YES_AGGRESSIVE;
				CLANG_CXX_LANGUAGE_STANDARD = "gnu++14";
				CLANG_CXX_LIBRARY = "libc++";
				CLANG_ENABLE_MODULES = YES;
				CLANG_ENABLE_OBJC_ARC = YES;
				CLANG_WARN_BLOCK_CAPTURE_AUTORELEASING = YES;
				CLANG_WARN_BOOL_CONVERSION = YES;
				CLANG_WARN_COMMA = YES;
				CLANG_WARN_CONSTANT_CONVERSION = YES;
				CLANG_WARN_DIRECT_OBJC_ISA_USAGE = YES_ERROR;
				CLANG_WARN_DOCUMENTATION_COMMENTS = YES;
				CLANG_WARN_EMPTY_BODY = YES;
				CLANG_WARN_ENUM_CONVERSION = YES;
				CLANG_WARN_INFINITE_RECURSION = YES;
				CLANG_WARN_INT_CONVERSION = YES;
				CLANG_WARN_NON_LITERAL_NULL_CONVERSION = YES;
				CLANG_WARN_OBJC_LITERAL_CONVERSION = YES;
				CLANG_WARN_OBJC_ROOT_CLASS = YES_ERROR;
				CLANG_WARN_RANGE_LOOP_ANALYSIS = YES;
				CLANG_WARN_STRICT_PROTOTYPES = YES;
				CLANG_WARN_SUSPICIOUS_MOVE = YES;
				CLANG_WARN_UNGUARDED_AVAILABILITY = YES_AGGRESSIVE;
				CLANG_WARN_UNREACHABLE_CODE = YES;
				CLANG_WARN__DUPLICATE_METHOD_MATCH = YES;
				CODE_SIGN_IDENTITY = "Mac Developer";
				COPY_PHASE_STRIP = NO;
				DEBUG_INFORMATION_FORMAT = dwarf;
				ENABLE_STRICT_OBJC_MSGSEND = YES;
				ENABLE_TESTABILITY = YES;
				GCC_C_LANGUAGE_STANDARD = gnu11;
				GCC_DYNAMIC_NO_PIC = NO;
				GCC_NO_COMMON_BLOCKS = YES;
				GCC_OPTIMIZATION_LEVEL = 0;
				GCC_PREPROCESSOR_DEFINITIONS = (
					"DEBUG=1",
					"$(inherited)",
				);
				GCC_WARN_64_TO_32_BIT_CONVERSION = YES;
				GCC_WARN_ABOUT_RETURN_TYPE = YES_ERROR;
				GCC_WARN_UNDECLARED_SELECTOR = YES;
				GCC_WARN_UNINITIALIZED_AUTOS = YES_AGGRESSIVE;
				GCC_WARN_UNUSED_FUNCTION = YES;
				GCC_WARN_UNUSED_VARIABLE = YES;
				MACOSX_DEPLOYMENT_TARGET = 10.13;
				MTL_ENABLE_DEBUG_INFO = YES;
				ONLY_ACTIVE_ARCH = YES;
				SDKROOT = macosx;
			};
			name = Debug;
		};
		A27A8D472065557D004C75C5 /* Release */ = {
			isa = XCBuildConfiguration;
			buildSettings = {
				ALWAYS_SEARCH_USER_PATHS = NO;
				CLANG_ANALYZER_NONNULL = YES;
				CLANG_ANALYZER_NUMBER_OBJECT_CONVERSION = YES_AGGRESSIVE;
				CLANG_CXX_LANGUAGE_STANDARD = "gnu++14";
				CLANG_CXX_LIBRARY = "libc++";
				CLANG_ENABLE_MODULES = YES;
				CLANG_ENABLE_OBJC_ARC = YES;
				CLANG_WARN_BLOCK_CAPTURE_AUTORELEASING = YES;
				CLANG_WARN_BOOL_CONVERSION = YES;
				CLANG_WARN_COMMA = YES;
				CLANG_WARN_CONSTANT_CONVERSION = YES;
				CLANG_WARN_DIRECT_OBJC_ISA_USAGE = YES_ERROR;
				CLANG_WARN_DOCUMENTATION_COMMENTS = YES;
				CLANG_WARN_EMPTY_BODY = YES;
				CLANG_WARN_ENUM_CONVERSION = YES;
				CLANG_WARN_INFINITE_RECURSION = YES;
				CLANG_WARN_INT_CONVERSION = YES;
				CLANG_WARN_NON_LITERAL_NULL_CONVERSION = YES;
				CLANG_WARN_OBJC_LITERAL_CONVERSION = YES;
				CLANG_WARN_OBJC_ROOT_CLASS = YES_ERROR;
				CLANG_WARN_RANGE_LOOP_ANALYSIS = YES;
				CLANG_WARN_STRICT_PROTOTYPES = YES;
				CLANG_WARN_SUSPICIOUS_MOVE = YES;
				CLANG_WARN_UNGUARDED_AVAILABILITY = YES_AGGRESSIVE;
				CLANG_WARN_UNREACHABLE_CODE = YES;
				CLANG_WARN__DUPLICATE_METHOD_MATCH = YES;
				CODE_SIGN_IDENTITY = "Mac Developer";
				COPY_PHASE_STRIP = NO;
				DEBUG_INFORMATION_FORMAT = "dwarf-with-dsym";
				ENABLE_NS_ASSERTIONS = NO;
				ENABLE_STRICT_OBJC_MSGSEND = YES;
				GCC_C_LANGUAGE_STANDARD = gnu11;
				GCC_NO_COMMON_BLOCKS = YES;
				GCC_WARN_64_TO_32_BIT_CONVERSION = YES;
				GCC_WARN_ABOUT_RETURN_TYPE = YES_ERROR;
				GCC_WARN_UNDECLARED_SELECTOR = YES;
				GCC_WARN_UNINITIALIZED_AUTOS = YES_AGGRESSIVE;
				GCC_WARN_UNUSED_FUNCTION = YES;
				GCC_WARN_UNUSED_VARIABLE = YES;
				MACOSX_DEPLOYMENT_TARGET = 10.13;
				MTL_ENABLE_DEBUG_INFO = NO;
				SDKROOT = macosx;
			};
			name = Release;
		};
		A27A8D492065557D004C75C5 /* Debug */ = {
			isa = XCBuildConfiguration;
			buildSettings = {
				ASSETCATALOG_COMPILER_APPICON_NAME = AppIcon;
				CODE_SIGN_ENTITLEMENTS = ImageViewer/ImageViewer.entitlements;
				CODE_SIGN_STYLE = Automatic;
				COMBINE_HIDPI_IMAGES = YES;
				DEVELOPMENT_TEAM = 6SDH5QKSY6;
				INFOPLIST_FILE = ImageViewer/Info.plist;
				LD_RUNPATH_SEARCH_PATHS = "$(inherited) @executable_path/../Frameworks";
				PRODUCT_BUNDLE_IDENTIFIER = com.PaksHome.ImageViewer;
				PRODUCT_NAME = "$(TARGET_NAME)";
			};
			name = Debug;
		};
		A27A8D4A2065557D004C75C5 /* Release */ = {
			isa = XCBuildConfiguration;
			buildSettings = {
				ASSETCATALOG_COMPILER_APPICON_NAME = AppIcon;
				CODE_SIGN_ENTITLEMENTS = ImageViewer/ImageViewer.entitlements;
				CODE_SIGN_STYLE = Automatic;
				COMBINE_HIDPI_IMAGES = YES;
				DEVELOPMENT_TEAM = 6SDH5QKSY6;
				INFOPLIST_FILE = ImageViewer/Info.plist;
				LD_RUNPATH_SEARCH_PATHS = "$(inherited) @executable_path/../Frameworks";
				PRODUCT_BUNDLE_IDENTIFIER = com.PaksHome.ImageViewer;
				PRODUCT_NAME = "$(TARGET_NAME)";
			};
			name = Release;
		};
/* End XCBuildConfiguration section */

/* Begin XCConfigurationList section */
		A27A8D2F2065557D004C75C5 /* Build configuration list for PBXProject "ImageViewer" */ = {
			isa = XCConfigurationList;
			buildConfigurations = (
				A27A8D462065557D004C75C5 /* Debug */,
				A27A8D472065557D004C75C5 /* Release */,
			);
			defaultConfigurationIsVisible = 0;
			defaultConfigurationName = Release;
		};
		A27A8D482065557D004C75C5 /* Build configuration list for PBXNativeTarget "ImageViewer" */ = {
			isa = XCConfigurationList;
			buildConfigurations = (
				A27A8D492065557D004C75C5 /* Debug */,
				A27A8D4A2065557D004C75C5 /* Release */,
			);
			defaultConfigurationIsVisible = 0;
			defaultConfigurationName = Release;
		};
/* End XCConfigurationList section */
	};
	rootObject = A27A8D2C2065557D004C75C5 /* Project object */;
}
